
Microsoft Visual Studio Solution File, Format Version 12.00
# Visual Studio 15
VisualStudioVersion = 15.0.27703.2047
MinimumVisualStudioVersion = 10.0.40219.1
Project("{FAE04EC0-301F-11D3-BF4B-00C04F79EFBC}") = "ChromaSparks", "ChromaSparks\ChromaSparks.csproj", "{89909C43-C606-44AC-913C-ABFD65B7B07B}"
EndProject
Global
	GlobalSection(SolutionConfigurationPlatforms) = preSolution
		Debug|Any CPU = Debug|Any CPU
		Release|Any CPU = Release|Any CPU
	EndGlobalSection
	GlobalSection(ProjectConfigurationPlatforms) = postSolution
		{89909C43-C606-44AC-913C-ABFD65B7B07B}.Debug|Any CPU.ActiveCfg = Debug|Any CPU
		{89909C43-C606-44AC-913C-ABFD65B7B07B}.Debug|Any CPU.Build.0 = Debug|Any CPU
		{89909C43-C606-44AC-913C-ABFD65B7B07B}.Release|Any CPU.ActiveCfg = Release|Any CPU
		{89909C43-C606-44AC-913C-ABFD65B7B07B}.Release|Any CPU.Build.0 = Release|Any CPU
	EndGlobalSection
	GlobalSection(SolutionProperties) = preSolution
		HideSolutionNode = FALSE
	EndGlobalSection
	GlobalSection(ExtensibilityGlobals) = postSolution
		SolutionGuid = {DBA3FCA6-228F-427B-8369-491C4BE4C607}
	EndGlobalSection
EndGlobal
